
Microsoft Visual Studio Solution File, Format Version 12.00
# Visual Studio Version 17
VisualStudioVersion = 17.8.34525.116
MinimumVisualStudioVersion = 10.0.40219.1
Project("{FAE04EC0-301F-11D3-BF4B-00C04F79EFBC}") = "PoliziaMunicipale", "PoliziaMunicipale.csproj", "{11532BCF-741E-467E-B8B2-9BDE7B360A25}"
EndProject
Global
	GlobalSection(SolutionConfigurationPlatforms) = preSolution
		Debug|Any CPU = Debug|Any CPU
		Release|Any CPU = Release|Any CPU
	EndGlobalSection
	GlobalSection(ProjectConfigurationPlatforms) = postSolution
		{11532BCF-741E-467E-B8B2-9BDE7B360A25}.Debug|Any CPU.ActiveCfg = Debug|Any CPU
		{11532BCF-741E-467E-B8B2-9BDE7B360A25}.Debug|Any CPU.Build.0 = Debug|Any CPU
		{11532BCF-741E-467E-B8B2-9BDE7B360A25}.Release|Any CPU.ActiveCfg = Release|Any CPU
		{11532BCF-741E-467E-B8B2-9BDE7B360A25}.Release|Any CPU.Build.0 = Release|Any CPU
	EndGlobalSection
	GlobalSection(SolutionProperties) = preSolution
		HideSolutionNode = FALSE
	EndGlobalSection
	GlobalSection(ExtensibilityGlobals) = postSolution
		SolutionGuid = {B69FDE83-8BD4-4B69-AE5F-8F98E2DAB7CB}
	EndGlobalSection
EndGlobal
